
Microsoft Visual Studio Solution File, Format Version 12.00
# Visual Studio Version 17
VisualStudioVersion = 17.3.32825.248
MinimumVisualStudioVersion = 10.0.40219.1
Project("{8BC9CEB8-8B4A-11D0-8D11-00A0C91BC942}") = "Pointer", "Pointer\Pointer.vcxproj", "{A73C02BA-C0CB-44B5-8FE7-0C62FFEDA600}"
EndProject
Global
	GlobalSection(SolutionConfigurationPlatforms) = preSolution
		Debug|x64 = Debug|x64
		Debug|x86 = Debug|x86
		Release|x64 = Release|x64
		Release|x86 = Release|x86
	EndGlobalSection
	GlobalSection(ProjectConfigurationPlatforms) = postSolution
		{A73C02BA-C0CB-44B5-8FE7-0C62FFEDA600}.Debug|x64.ActiveCfg = Debug|x64
		{A73C02BA-C0CB-44B5-8FE7-0C62FFEDA600}.Debug|x64.Build.0 = Debug|x64
		{A73C02BA-C0CB-44B5-8FE7-0C62FFEDA600}.Debug|x86.ActiveCfg = Debug|Win32
		{A73C02BA-C0CB-44B5-8FE7-0C62FFEDA600}.Debug|x86.Build.0 = Debug|Win32
		{A73C02BA-C0CB-44B5-8FE7-0C62FFEDA600}.Release|x64.ActiveCfg = Release|x64
		{A73C02BA-C0CB-44B5-8FE7-0C62FFEDA600}.Release|x64.Build.0 = Release|x64
		{A73C02BA-C0CB-44B5-8FE7-0C62FFEDA600}.Release|x86.ActiveCfg = Release|Win32
		{A73C02BA-C0CB-44B5-8FE7-0C62FFEDA600}.Release|x86.Build.0 = Release|Win32
	EndGlobalSection
	GlobalSection(SolutionProperties) = preSolution
		HideSolutionNode = FALSE
	EndGlobalSection
	GlobalSection(ExtensibilityGlobals) = postSolution
		SolutionGuid = {51EFCBDF-4C10-461F-8FC3-C69C8D4377D4}
	EndGlobalSection
EndGlobal
